
Microsoft Visual Studio Solution File, Format Version 12.00
# Visual Studio 15
VisualStudioVersion = 15.0.27703.2047
MinimumVisualStudioVersion = 10.0.40219.1
Project("{FAE04EC0-301F-11D3-BF4B-00C04F79EFBC}") = "c3IDE", "c3IDE\c3IDE.csproj", "{013BB7A3-AE1B-423D-BC44-3334FAABABBE}"
EndProject
Global
	GlobalSection(SolutionConfigurationPlatforms) = preSolution
		Debug|Any CPU = Debug|Any CPU
		Release|Any CPU = Release|Any CPU
	EndGlobalSection
	GlobalSection(ProjectConfigurationPlatforms) = postSolution
		{013BB7A3-AE1B-423D-BC44-3334FAABABBE}.Debug|Any CPU.ActiveCfg = Debug|Any CPU
		{013BB7A3-AE1B-423D-BC44-3334FAABABBE}.Debug|Any CPU.Build.0 = Debug|Any CPU
		{013BB7A3-AE1B-423D-BC44-3334FAABABBE}.Release|Any CPU.ActiveCfg = Release|Any CPU
		{013BB7A3-AE1B-423D-BC44-3334FAABABBE}.Release|Any CPU.Build.0 = Release|Any CPU
	EndGlobalSection
	GlobalSection(SolutionProperties) = preSolution
		HideSolutionNode = FALSE
	EndGlobalSection
	GlobalSection(ExtensibilityGlobals) = postSolution
		SolutionGuid = {A70E85C8-34F8-456F-B211-1C15923E3FF5}
	EndGlobalSection
EndGlobal
