
Microsoft Visual Studio Solution File, Format Version 12.00
# Visual Studio 15
VisualStudioVersion = 15.0.27703.2035
MinimumVisualStudioVersion = 10.0.40219.1
Project("{FAE04EC0-301F-11D3-BF4B-00C04F79EFBC}") = "c3IDE", "c3IDE\c3IDE.csproj", "{F6B9D5AB-534B-4684-A5EB-DFB7C09BE1ED}"
EndProject
Project("{2150E333-8FDC-42A3-9474-1A3956D46DE8}") = "HelperApps", "HelperApps", "{FF7BFB7B-118B-42B8-AA7E-1C9A6ED6A094}"
EndProject
Project("{FAE04EC0-301F-11D3-BF4B-00C04F79EFBC}") = "AutoCompletionGenerator", "HelperApps\AutoCompletionGenerator\AutoCompletionGenerator.csproj", "{B980601B-2D90-47EB-80E0-937527E15061}"
EndProject
Project("{FAE04EC0-301F-11D3-BF4B-00C04F79EFBC}") = "c3IDE.Tests", "c3IDE.Tests\c3IDE.Tests.csproj", "{8EEBDD97-2F81-43C5-A1CE-843CE37FD4D9}"
EndProject
Global
	GlobalSection(SolutionConfigurationPlatforms) = preSolution
		Debug|Any CPU = Debug|Any CPU
		Debug|x86 = Debug|x86
		Release|Any CPU = Release|Any CPU
		Release|x86 = Release|x86
	EndGlobalSection
	GlobalSection(ProjectConfigurationPlatforms) = postSolution
		{F6B9D5AB-534B-4684-A5EB-DFB7C09BE1ED}.Debug|Any CPU.ActiveCfg = Debug|Any CPU
		{F6B9D5AB-534B-4684-A5EB-DFB7C09BE1ED}.Debug|Any CPU.Build.0 = Debug|Any CPU
		{F6B9D5AB-534B-4684-A5EB-DFB7C09BE1ED}.Debug|x86.ActiveCfg = Debug|Any CPU
		{F6B9D5AB-534B-4684-A5EB-DFB7C09BE1ED}.Debug|x86.Build.0 = Debug|Any CPU
		{F6B9D5AB-534B-4684-A5EB-DFB7C09BE1ED}.Release|Any CPU.ActiveCfg = Release|Any CPU
		{F6B9D5AB-534B-4684-A5EB-DFB7C09BE1ED}.Release|Any CPU.Build.0 = Release|Any CPU
		{F6B9D5AB-534B-4684-A5EB-DFB7C09BE1ED}.Release|x86.ActiveCfg = Release|Any CPU
		{F6B9D5AB-534B-4684-A5EB-DFB7C09BE1ED}.Release|x86.Build.0 = Release|Any CPU
		{B980601B-2D90-47EB-80E0-937527E15061}.Debug|Any CPU.ActiveCfg = Debug|Any CPU
		{B980601B-2D90-47EB-80E0-937527E15061}.Debug|Any CPU.Build.0 = Debug|Any CPU
		{B980601B-2D90-47EB-80E0-937527E15061}.Debug|x86.ActiveCfg = Debug|Any CPU
		{B980601B-2D90-47EB-80E0-937527E15061}.Debug|x86.Build.0 = Debug|Any CPU
		{B980601B-2D90-47EB-80E0-937527E15061}.Release|Any CPU.ActiveCfg = Release|Any CPU
		{B980601B-2D90-47EB-80E0-937527E15061}.Release|Any CPU.Build.0 = Release|Any CPU
		{B980601B-2D90-47EB-80E0-937527E15061}.Release|x86.ActiveCfg = Release|Any CPU
		{B980601B-2D90-47EB-80E0-937527E15061}.Release|x86.Build.0 = Release|Any CPU
		{8EEBDD97-2F81-43C5-A1CE-843CE37FD4D9}.Debug|Any CPU.ActiveCfg = Debug|Any CPU
		{8EEBDD97-2F81-43C5-A1CE-843CE37FD4D9}.Debug|Any CPU.Build.0 = Debug|Any CPU
		{8EEBDD97-2F81-43C5-A1CE-843CE37FD4D9}.Debug|x86.ActiveCfg = Debug|Any CPU
		{8EEBDD97-2F81-43C5-A1CE-843CE37FD4D9}.Debug|x86.Build.0 = Debug|Any CPU
		{8EEBDD97-2F81-43C5-A1CE-843CE37FD4D9}.Release|Any CPU.ActiveCfg = Release|Any CPU
		{8EEBDD97-2F81-43C5-A1CE-843CE37FD4D9}.Release|Any CPU.Build.0 = Release|Any CPU
		{8EEBDD97-2F81-43C5-A1CE-843CE37FD4D9}.Release|x86.ActiveCfg = Release|Any CPU
		{8EEBDD97-2F81-43C5-A1CE-843CE37FD4D9}.Release|x86.Build.0 = Release|Any CPU
	EndGlobalSection
	GlobalSection(SolutionProperties) = preSolution
		HideSolutionNode = FALSE
	EndGlobalSection
	GlobalSection(NestedProjects) = preSolution
		{B980601B-2D90-47EB-80E0-937527E15061} = {FF7BFB7B-118B-42B8-AA7E-1C9A6ED6A094}
	EndGlobalSection
	GlobalSection(ExtensibilityGlobals) = postSolution
		SolutionGuid = {214E12F1-A483-4942-8394-773FF452B313}
	EndGlobalSection
EndGlobal
